
Microsoft Visual Studio Solution File, Format Version 12.00
# Visual Studio 15
VisualStudioVersion = 15.0.27703.2042
MinimumVisualStudioVersion = 10.0.40219.1
Project("{FAE04EC0-301F-11D3-BF4B-00C04F79EFBC}") = "TpSecurite", "TpSecurite\TpSecurite.csproj", "{2ABFAB32-1A3C-496C-B5D3-AAE058FAA3D6}"
EndProject
Global
	GlobalSection(SolutionConfigurationPlatforms) = preSolution
		Debug|Any CPU = Debug|Any CPU
		Release|Any CPU = Release|Any CPU
	EndGlobalSection
	GlobalSection(ProjectConfigurationPlatforms) = postSolution
		{2ABFAB32-1A3C-496C-B5D3-AAE058FAA3D6}.Debug|Any CPU.ActiveCfg = Debug|Any CPU
		{2ABFAB32-1A3C-496C-B5D3-AAE058FAA3D6}.Debug|Any CPU.Build.0 = Debug|Any CPU
		{2ABFAB32-1A3C-496C-B5D3-AAE058FAA3D6}.Release|Any CPU.ActiveCfg = Release|Any CPU
		{2ABFAB32-1A3C-496C-B5D3-AAE058FAA3D6}.Release|Any CPU.Build.0 = Release|Any CPU
	EndGlobalSection
	GlobalSection(SolutionProperties) = preSolution
		HideSolutionNode = FALSE
	EndGlobalSection
	GlobalSection(ExtensibilityGlobals) = postSolution
		SolutionGuid = {BF931C0F-D9E1-412B-BA52-440CE8628BD2}
	EndGlobalSection
EndGlobal
